
Microsoft Visual Studio Solution File, Format Version 12.00
# Visual Studio 15
VisualStudioVersion = 15.0.27130.2026
MinimumVisualStudioVersion = 10.0.40219.1
Project("{FAE04EC0-301F-11D3-BF4B-00C04F79EFBC}") = "Swappings", "Swappings\Swappings.csproj", "{0CDC2957-2A11-4BE8-A649-36B9165062B5}"
EndProject
Project("{FAE04EC0-301F-11D3-BF4B-00C04F79EFBC}") = "Beers", "Beers\Beers.csproj", "{B9DD2471-1C8B-4BFE-9890-143D97D18EB9}"
EndProject
Project("{FAE04EC0-301F-11D3-BF4B-00C04F79EFBC}") = "ThreeDSlices", "ThreeDSlices\ThreeDSlices.csproj", "{A8AB6FB4-8853-4475-A845-4C4D93F4E944}"
EndProject
Global
	GlobalSection(SolutionConfigurationPlatforms) = preSolution
		Debug|Any CPU = Debug|Any CPU
		Release|Any CPU = Release|Any CPU
	EndGlobalSection
	GlobalSection(ProjectConfigurationPlatforms) = postSolution
		{0CDC2957-2A11-4BE8-A649-36B9165062B5}.Debug|Any CPU.ActiveCfg = Debug|Any CPU
		{0CDC2957-2A11-4BE8-A649-36B9165062B5}.Debug|Any CPU.Build.0 = Debug|Any CPU
		{0CDC2957-2A11-4BE8-A649-36B9165062B5}.Release|Any CPU.ActiveCfg = Release|Any CPU
		{0CDC2957-2A11-4BE8-A649-36B9165062B5}.Release|Any CPU.Build.0 = Release|Any CPU
		{B9DD2471-1C8B-4BFE-9890-143D97D18EB9}.Debug|Any CPU.ActiveCfg = Debug|Any CPU
		{B9DD2471-1C8B-4BFE-9890-143D97D18EB9}.Debug|Any CPU.Build.0 = Debug|Any CPU
		{B9DD2471-1C8B-4BFE-9890-143D97D18EB9}.Release|Any CPU.ActiveCfg = Release|Any CPU
		{B9DD2471-1C8B-4BFE-9890-143D97D18EB9}.Release|Any CPU.Build.0 = Release|Any CPU
		{A8AB6FB4-8853-4475-A845-4C4D93F4E944}.Debug|Any CPU.ActiveCfg = Debug|Any CPU
		{A8AB6FB4-8853-4475-A845-4C4D93F4E944}.Debug|Any CPU.Build.0 = Debug|Any CPU
		{A8AB6FB4-8853-4475-A845-4C4D93F4E944}.Release|Any CPU.ActiveCfg = Release|Any CPU
		{A8AB6FB4-8853-4475-A845-4C4D93F4E944}.Release|Any CPU.Build.0 = Release|Any CPU
	EndGlobalSection
	GlobalSection(SolutionProperties) = preSolution
		HideSolutionNode = FALSE
	EndGlobalSection
	GlobalSection(ExtensibilityGlobals) = postSolution
		SolutionGuid = {099B3C77-5B0F-4E50-BC25-1373B839B03D}
	EndGlobalSection
EndGlobal
